{
    "_readme": [
        "This file locks the dependencies of your project to a known state",
        "Read more about it at https://getcomposer.org/doc/01-basic-usage.md#composer-lock-the-lock-file",
        "This file is @generated automatically"
    ],
    "hash": "cf818c8b9d7d70ce29cc61e5addd9fc6",
    "content-hash": "3b00dfe80de8dc3ea0390c7e7f8ea0b2",
    "packages": [
        {
            "name": "adoy/oauth2",
            "version": "dev-master",
            "source": {
                "type": "git",
                "url": "https://github.com/adoy/PHP-OAuth2.git",
                "reference": "83e248f761f1c2f742d321d891cc3ce63089db05"
            },
            "dist": {
                "type": "zip",
                "url": "https://api.github.com/repos/adoy/PHP-OAuth2/zipball/83e248f761f1c2f742d321d891cc3ce63089db05",
                "reference": "83e248f761f1c2f742d321d891cc3ce63089db05",
                "shasum": ""
            },
            "require": {
                "php": ">=5.3.0"
            },
            "type": "library",
            "autoload": {
                "psr-0": {
                    "OAuth2": "src/"
                }
            },
            "notification-url": "https://packagist.org/downloads/",
            "license": [
                "LGPL-2.1"
            ],
            "authors": [
                {
                    "name": "Berejeb Anis",
                    "email": "anis.berejeb@gmail.com"
                },
                {
                    "name": "Charron Pierrick",
                    "email": "pierrick@webstart.fr"
                }
            ],
            "description": "Light PHP wrapper for the OAuth 2.0 protocol (based on OAuth 2.0 Authorization Protocol draft-ietf-oauth-v2-15)",
            "time": "2015-08-03 19:57:45"
        },
        {
            "name": "mashape/unirest-php",
            "version": "v3.0.4",
            "source": {
                "type": "git",
                "url": "https://github.com/Mashape/unirest-php.git",
                "reference": "842c0f242dfaaf85f16b72e217bf7f7c19ab12cb"
            },
            "dist": {
                "type": "zip",
                "url": "https://api.github.com/repos/Mashape/unirest-php/zipball/842c0f242dfaaf85f16b72e217bf7f7c19ab12cb",
                "reference": "842c0f242dfaaf85f16b72e217bf7f7c19ab12cb",
                "shasum": ""
            },
            "require": {
                "ext-curl": "*",
                "php": ">=5.4.0"
            },
            "require-dev": {
                "codeclimate/php-test-reporter": "0.1.*",
                "phpunit/phpunit": "~4.4"
            },
            "suggest": {
                "ext-json": "Allows using JSON Bodies for sending and parsing requests"
            },
            "type": "library",
            "autoload": {
                "psr-0": {
                    "Unirest\\": "src/"
                }
            },
            "notification-url": "https://packagist.org/downloads/",
            "license": [
                "MIT"
            ],
            "description": "Unirest PHP",
            "homepage": "https://github.com/Mashape/unirest-php",
            "keywords": [
                "client",
                "curl",
                "http",
                "https",
                "rest"
            ],
            "time": "2016-08-11 17:49:21"
        }
    ],
    "packages-dev": [],
    "aliases": [],
    "minimum-stability": "dev",
    "stability-flags": [],
    "prefer-stable": false,
    "prefer-lowest": false,
    "platform": {
        "php": ">=5.5.9"
    },
    "platform-dev": []
}
